
Microsoft Visual Studio Solution File, Format Version 12.00
# Visual Studio Version 17
VisualStudioVersion = 17.4.33403.182
MinimumVisualStudioVersion = 10.0.40219.1
Project("{FAE04EC0-301F-11D3-BF4B-00C04F79EFBC}") = "BookStore  Management system", "BookStore  Management system.csproj", "{B01F6DED-BD09-4789-94D4-4DA4CAD7F0A3}"
EndProject
Global
	GlobalSection(SolutionConfigurationPlatforms) = preSolution
		Debug|Any CPU = Debug|Any CPU
		Release|Any CPU = Release|Any CPU
	EndGlobalSection
	GlobalSection(ProjectConfigurationPlatforms) = postSolution
		{B01F6DED-BD09-4789-94D4-4DA4CAD7F0A3}.Debug|Any CPU.ActiveCfg = Debug|Any CPU
		{B01F6DED-BD09-4789-94D4-4DA4CAD7F0A3}.Debug|Any CPU.Build.0 = Debug|Any CPU
		{B01F6DED-BD09-4789-94D4-4DA4CAD7F0A3}.Release|Any CPU.ActiveCfg = Release|Any CPU
		{B01F6DED-BD09-4789-94D4-4DA4CAD7F0A3}.Release|Any CPU.Build.0 = Release|Any CPU
	EndGlobalSection
	GlobalSection(SolutionProperties) = preSolution
		HideSolutionNode = FALSE
	EndGlobalSection
	GlobalSection(ExtensibilityGlobals) = postSolution
		SolutionGuid = {68DFAB5A-9DC7-4A12-BE34-9444D627D195}
	EndGlobalSection
EndGlobal
